schema: '2.0'
stages:
  data_preparation:
    cmd: python src/stage_01_prepare_data.py
    deps:
    - path: data/data.xml
      md5: a304afb96060aad90176268345e10355
      size: 37891850
    - path: src/stage_01_prepare_data.py
      md5: 60cc3c953eee6a590a23260aa7a1bc1b
      size: 2197
    - path: src/utils
      md5: 77208d6d9087b5486a9cc0456320177c.dir
      size: 5620
      nfiles: 6
    outs:
    - path: artifacts/prepared
      md5: dc639257fd7e43c167de7349d66763c4.dir
      size: 23886351
      nfiles: 2
  data_featurization:
    cmd: python src/stage_02_featurization.py
    deps:
    - path: artifacts/prepared
      md5: dc639257fd7e43c167de7349d66763c4.dir
      size: 23886351
      nfiles: 2
    - path: src/stage_02_featurization.py
      md5: e64da875d52c8ccde528e6f76574c6d3
      size: 3125
    - path: src/utils
      md5: 77208d6d9087b5486a9cc0456320177c.dir
      size: 5620
      nfiles: 6
    outs:
    - path: artifacts/features
      md5: 8df1ec5273d81856f0974a258e8423c1.dir
      size: 12272570
      nfiles: 2
  model_trainning:
    cmd: python src/stage_03_train.py
    deps:
    - path: artifacts/features/train.pkl
      md5: d263ca9ded0303d2f642354e001de499
      size: 8558685
    - path: src/stage_03_train.py
      md5: 9c5e5f1144f59083deb43d201c53a16b
      size: 2665
    outs:
    - path: artifacts/model/model.pkl
      md5: 4ecdabbec253420579cdfb00252e8a3e
      size: 3121845
  evaluate:
    cmd: python src/stage_04_evaluate.py
    deps:
    - path: artifacts/features/test.pkl
      md5: e007cda0c88638cb1c749368ed11e526
      size: 3713885
    - path: artifacts/model/model.pkl
      md5: 4ecdabbec253420579cdfb00252e8a3e
      size: 3121845
    - path: src/stage_04_evaluate.py
      md5: 9099b23d508ee25684a7246469b63903
      size: 3199
    - path: src/utils
      md5: 77208d6d9087b5486a9cc0456320177c.dir
      size: 5620
      nfiles: 6
    outs:
    - path: prc.json
      md5: 9cf61e5edd3b64302c023f11717cec80
      size: 139922
    - path: roc.json
      md5: 6a0e9a71db6ad49e58053ad379d62a60
      size: 139290
    - path: scores.json
      md5: 57c793d1cc7f0d33da0d33dc11a09188
      size: 75
